
Microsoft Visual Studio Solution File, Format Version 12.00
# Visual Studio Version 16
VisualStudioVersion = 16.0.34031.81
MinimumVisualStudioVersion = 10.0.40219.1
Project("{8BC9CEB8-8B4A-11D0-8D11-00A0C91BC942}") = "Lab_9", "Lab_9\Lab_9.vcxproj", "{AF27E20D-44A6-4B7B-8E07-D8D35A80824C}"
EndProject
Global
	GlobalSection(SolutionConfigurationPlatforms) = preSolution
		Debug|x64 = Debug|x64
		Debug|x86 = Debug|x86
		Release|x64 = Release|x64
		Release|x86 = Release|x86
	EndGlobalSection
	GlobalSection(ProjectConfigurationPlatforms) = postSolution
		{AF27E20D-44A6-4B7B-8E07-D8D35A80824C}.Debug|x64.ActiveCfg = Debug|x64
		{AF27E20D-44A6-4B7B-8E07-D8D35A80824C}.Debug|x64.Build.0 = Debug|x64
		{AF27E20D-44A6-4B7B-8E07-D8D35A80824C}.Debug|x86.ActiveCfg = Debug|Win32
		{AF27E20D-44A6-4B7B-8E07-D8D35A80824C}.Debug|x86.Build.0 = Debug|Win32
		{AF27E20D-44A6-4B7B-8E07-D8D35A80824C}.Release|x64.ActiveCfg = Release|x64
		{AF27E20D-44A6-4B7B-8E07-D8D35A80824C}.Release|x64.Build.0 = Release|x64
		{AF27E20D-44A6-4B7B-8E07-D8D35A80824C}.Release|x86.ActiveCfg = Release|Win32
		{AF27E20D-44A6-4B7B-8E07-D8D35A80824C}.Release|x86.Build.0 = Release|Win32
	EndGlobalSection
	GlobalSection(SolutionProperties) = preSolution
		HideSolutionNode = FALSE
	EndGlobalSection
	GlobalSection(ExtensibilityGlobals) = postSolution
		SolutionGuid = {93D0808E-752D-4AB5-8510-D4EC793B7913}
	EndGlobalSection
EndGlobal
